# Generated by move; do not edit
# This file should be checked in.

[move]
version = 4

[pinned.testnet.MoveStdlib]
source = { git = "https://github.com/zkmove/sui.git", subdir = "crates/sui-framework/packages/move-stdlib", rev = "76269b3f6ff1ea56ddfcf258be8c19ffe21ce105" }
use_environment = "testnet"
manifest_digest = "C4FE4C91DE74CBF223B2E380AE40F592177D21870DC2D7EB6227D2D694E05363"
deps = {}

[pinned.testnet.Sui]
source = { git = "https://github.com/zkmove/sui.git", subdir = "crates/sui-framework/packages/sui-framework", rev = "76269b3f6ff1ea56ddfcf258be8c19ffe21ce105" }
use_environment = "testnet"
manifest_digest = "7AFB66695545775FBFBB2D3078ADFD084244D5002392E837FDE21D9EA1C6D01C"
deps = { MoveStdlib = "MoveStdlib" }

[pinned.testnet.mint_min]
source = { root = true }
use_environment = "testnet"
manifest_digest = "3F8B8FF546791F1BE2C1523E8188CD313435FA6A5CB321889DD84023599F6438"
deps = { std = "MoveStdlib", sui = "Sui", verifier_api = "verifier_api" }

[pinned.testnet.verifier_api]
source = { local = "../../halo2-verifier.move/packages/api-sui" }
use_environment = "testnet"
manifest_digest = "4487AC55B5B5F1EFE77FE9EFCC3EFCC82B0B53B096ECEEBF30DB62156C92720F"
deps = { std = "MoveStdlib", sui = "Sui" }
